
Microsoft Visual Studio Solution File, Format Version 12.00
# Visual Studio Version 17
VisualStudioVersion = 17.11.35312.102
MinimumVisualStudioVersion = 10.0.40219.1
Project("{FAE04EC0-301F-11D3-BF4B-00C04F79EFBC}") = "BTVN_4", "BTVN_4\BTVN_4.csproj", "{9AA570CF-A864-43AB-863A-D972FEDD1493}"
EndProject
Global
	GlobalSection(SolutionConfigurationPlatforms) = preSolution
		Debug|Any CPU = Debug|Any CPU
		Release|Any CPU = Release|Any CPU
	EndGlobalSection
	GlobalSection(ProjectConfigurationPlatforms) = postSolution
		{9AA570CF-A864-43AB-863A-D972FEDD1493}.Debug|Any CPU.ActiveCfg = Debug|Any CPU
		{9AA570CF-A864-43AB-863A-D972FEDD1493}.Debug|Any CPU.Build.0 = Debug|Any CPU
		{9AA570CF-A864-43AB-863A-D972FEDD1493}.Release|Any CPU.ActiveCfg = Release|Any CPU
		{9AA570CF-A864-43AB-863A-D972FEDD1493}.Release|Any CPU.Build.0 = Release|Any CPU
	EndGlobalSection
	GlobalSection(SolutionProperties) = preSolution
		HideSolutionNode = FALSE
	EndGlobalSection
	GlobalSection(ExtensibilityGlobals) = postSolution
		SolutionGuid = {C8E704E6-F1C9-4BDB-862C-2764575D03DE}
	EndGlobalSection
EndGlobal
