
Microsoft Visual Studio Solution File, Format Version 12.00
# Visual Studio Version 17
VisualStudioVersion = 17.11.35312.102
MinimumVisualStudioVersion = 10.0.40219.1
Project("{FAE04EC0-301F-11D3-BF4B-00C04F79EFBC}") = "BT1_7", "BT1_7\BT1_7.csproj", "{C2565525-8136-4DD6-9AF2-A47CB97518E9}"
EndProject
Global
	GlobalSection(SolutionConfigurationPlatforms) = preSolution
		Debug|Any CPU = Debug|Any CPU
		Release|Any CPU = Release|Any CPU
	EndGlobalSection
	GlobalSection(ProjectConfigurationPlatforms) = postSolution
		{C2565525-8136-4DD6-9AF2-A47CB97518E9}.Debug|Any CPU.ActiveCfg = Debug|Any CPU
		{C2565525-8136-4DD6-9AF2-A47CB97518E9}.Debug|Any CPU.Build.0 = Debug|Any CPU
		{C2565525-8136-4DD6-9AF2-A47CB97518E9}.Release|Any CPU.ActiveCfg = Release|Any CPU
		{C2565525-8136-4DD6-9AF2-A47CB97518E9}.Release|Any CPU.Build.0 = Release|Any CPU
	EndGlobalSection
	GlobalSection(SolutionProperties) = preSolution
		HideSolutionNode = FALSE
	EndGlobalSection
	GlobalSection(ExtensibilityGlobals) = postSolution
		SolutionGuid = {1961CD10-4E76-403C-A8F5-BFB93DB4C0BA}
	EndGlobalSection
EndGlobal
