
Microsoft Visual Studio Solution File, Format Version 12.00
# Visual Studio Version 17
VisualStudioVersion = 17.7.34003.232
MinimumVisualStudioVersion = 10.0.40219.1
Project("{FAE04EC0-301F-11D3-BF4B-00C04F79EFBC}") = "helloWord", "helloWord\helloWord.csproj", "{F437B819-1D1B-4BB6-8107-C0E59835676C}"
EndProject
Global
	GlobalSection(SolutionConfigurationPlatforms) = preSolution
		Debug|Any CPU = Debug|Any CPU
		Release|Any CPU = Release|Any CPU
	EndGlobalSection
	GlobalSection(ProjectConfigurationPlatforms) = postSolution
		{F437B819-1D1B-4BB6-8107-C0E59835676C}.Debug|Any CPU.ActiveCfg = Debug|Any CPU
		{F437B819-1D1B-4BB6-8107-C0E59835676C}.Debug|Any CPU.Build.0 = Debug|Any CPU
		{F437B819-1D1B-4BB6-8107-C0E59835676C}.Release|Any CPU.ActiveCfg = Release|Any CPU
		{F437B819-1D1B-4BB6-8107-C0E59835676C}.Release|Any CPU.Build.0 = Release|Any CPU
	EndGlobalSection
	GlobalSection(SolutionProperties) = preSolution
		HideSolutionNode = FALSE
	EndGlobalSection
	GlobalSection(ExtensibilityGlobals) = postSolution
		SolutionGuid = {DB909098-72DE-4436-8D08-48B710731D60}
	EndGlobalSection
EndGlobal
