
Microsoft Visual Studio Solution File, Format Version 12.00
# Visual Studio Version 17
VisualStudioVersion = 17.11.35312.102
MinimumVisualStudioVersion = 10.0.40219.1
Project("{FAE04EC0-301F-11D3-BF4B-00C04F79EFBC}") = "BT2_5", "BT2_5\BT2_5.csproj", "{F6B05BFF-D489-4ABD-B59D-0B20DB54106B}"
EndProject
Global
	GlobalSection(SolutionConfigurationPlatforms) = preSolution
		Debug|Any CPU = Debug|Any CPU
		Release|Any CPU = Release|Any CPU
	EndGlobalSection
	GlobalSection(ProjectConfigurationPlatforms) = postSolution
		{F6B05BFF-D489-4ABD-B59D-0B20DB54106B}.Debug|Any CPU.ActiveCfg = Debug|Any CPU
		{F6B05BFF-D489-4ABD-B59D-0B20DB54106B}.Debug|Any CPU.Build.0 = Debug|Any CPU
		{F6B05BFF-D489-4ABD-B59D-0B20DB54106B}.Release|Any CPU.ActiveCfg = Release|Any CPU
		{F6B05BFF-D489-4ABD-B59D-0B20DB54106B}.Release|Any CPU.Build.0 = Release|Any CPU
	EndGlobalSection
	GlobalSection(SolutionProperties) = preSolution
		HideSolutionNode = FALSE
	EndGlobalSection
	GlobalSection(ExtensibilityGlobals) = postSolution
		SolutionGuid = {9C3D1CF3-D2D3-4496-AFBB-1B0DDF64AE08}
	EndGlobalSection
EndGlobal
