
Microsoft Visual Studio Solution File, Format Version 12.00
# Visual Studio Version 17
VisualStudioVersion = 17.9.34728.123
MinimumVisualStudioVersion = 10.0.40219.1
Project("{FAE04EC0-301F-11D3-BF4B-00C04F79EFBC}") = "Students_Management_System", "Students_Management_System\Students_Management_System.csproj", "{78A0DFD0-D87A-4B01-8937-3AB6E344446F}"
EndProject
Global
	GlobalSection(SolutionConfigurationPlatforms) = preSolution
		Debug|Any CPU = Debug|Any CPU
		Release|Any CPU = Release|Any CPU
	EndGlobalSection
	GlobalSection(ProjectConfigurationPlatforms) = postSolution
		{78A0DFD0-D87A-4B01-8937-3AB6E344446F}.Debug|Any CPU.ActiveCfg = Debug|Any CPU
		{78A0DFD0-D87A-4B01-8937-3AB6E344446F}.Debug|Any CPU.Build.0 = Debug|Any CPU
		{78A0DFD0-D87A-4B01-8937-3AB6E344446F}.Release|Any CPU.ActiveCfg = Release|Any CPU
		{78A0DFD0-D87A-4B01-8937-3AB6E344446F}.Release|Any CPU.Build.0 = Release|Any CPU
	EndGlobalSection
	GlobalSection(SolutionProperties) = preSolution
		HideSolutionNode = FALSE
	EndGlobalSection
	GlobalSection(ExtensibilityGlobals) = postSolution
		SolutionGuid = {6823A093-9DCB-4BEF-8E7D-3C3569EC2B8A}
	EndGlobalSection
EndGlobal
