
Microsoft Visual Studio Solution File, Format Version 12.00
# Visual Studio Version 17
VisualStudioVersion = 17.11.35312.102
MinimumVisualStudioVersion = 10.0.40219.1
Project("{FAE04EC0-301F-11D3-BF4B-00C04F79EFBC}") = "WindowsFormsApp1", "WindowsFormsApp1\WindowsFormsApp1.csproj", "{5B24471D-7CB5-428D-A7C7-3A80BD216B82}"
EndProject
Global
	GlobalSection(SolutionConfigurationPlatforms) = preSolution
		Debug|Any CPU = Debug|Any CPU
		Release|Any CPU = Release|Any CPU
	EndGlobalSection
	GlobalSection(ProjectConfigurationPlatforms) = postSolution
		{5B24471D-7CB5-428D-A7C7-3A80BD216B82}.Debug|Any CPU.ActiveCfg = Debug|Any CPU
		{5B24471D-7CB5-428D-A7C7-3A80BD216B82}.Debug|Any CPU.Build.0 = Debug|Any CPU
		{5B24471D-7CB5-428D-A7C7-3A80BD216B82}.Release|Any CPU.ActiveCfg = Release|Any CPU
		{5B24471D-7CB5-428D-A7C7-3A80BD216B82}.Release|Any CPU.Build.0 = Release|Any CPU
	EndGlobalSection
	GlobalSection(SolutionProperties) = preSolution
		HideSolutionNode = FALSE
	EndGlobalSection
	GlobalSection(ExtensibilityGlobals) = postSolution
		SolutionGuid = {E20F0512-BB61-4DDA-9A3E-87599BA8B64A}
	EndGlobalSection
EndGlobal
