
Microsoft Visual Studio Solution File, Format Version 12.00
# Visual Studio Version 17
VisualStudioVersion = 17.11.35312.102
MinimumVisualStudioVersion = 10.0.40219.1
Project("{FAE04EC0-301F-11D3-BF4B-00C04F79EFBC}") = "BTVN_5", "BTVN_5\BTVN_5.csproj", "{81131348-61A9-4F07-ACEE-030515111E36}"
EndProject
Global
	GlobalSection(SolutionConfigurationPlatforms) = preSolution
		Debug|Any CPU = Debug|Any CPU
		Release|Any CPU = Release|Any CPU
	EndGlobalSection
	GlobalSection(ProjectConfigurationPlatforms) = postSolution
		{81131348-61A9-4F07-ACEE-030515111E36}.Debug|Any CPU.ActiveCfg = Debug|Any CPU
		{81131348-61A9-4F07-ACEE-030515111E36}.Debug|Any CPU.Build.0 = Debug|Any CPU
		{81131348-61A9-4F07-ACEE-030515111E36}.Release|Any CPU.ActiveCfg = Release|Any CPU
		{81131348-61A9-4F07-ACEE-030515111E36}.Release|Any CPU.Build.0 = Release|Any CPU
	EndGlobalSection
	GlobalSection(SolutionProperties) = preSolution
		HideSolutionNode = FALSE
	EndGlobalSection
	GlobalSection(ExtensibilityGlobals) = postSolution
		SolutionGuid = {055C5FFC-7660-4B30-8676-D723E9F2E9D1}
	EndGlobalSection
EndGlobal
